
Microsoft Visual Studio Solution File, Format Version 12.00
# Visual Studio Version 16
VisualStudioVersion = 16.0.32407.337
MinimumVisualStudioVersion = 10.0.40219.1
Project("{9A19103F-16F7-4668-BE54-9A1E7A4F7556}") = "Variables", "Variables\Variables.csproj", "{CF337751-764B-4C3A-AEF2-1F27ADF269B8}"
EndProject
Project("{FAE04EC0-301F-11D3-BF4B-00C04F79EFBC}") = "Variables_2", "Variable_2\Variables_2.csproj", "{EF7A2A18-03A9-4BDD-8203-483E3862A99B}"
EndProject
Global
	GlobalSection(SolutionConfigurationPlatforms) = preSolution
		Debug|Any CPU = Debug|Any CPU
		Release|Any CPU = Release|Any CPU
	EndGlobalSection
	GlobalSection(ProjectConfigurationPlatforms) = postSolution
		{CF337751-764B-4C3A-AEF2-1F27ADF269B8}.Debug|Any CPU.ActiveCfg = Debug|Any CPU
		{CF337751-764B-4C3A-AEF2-1F27ADF269B8}.Debug|Any CPU.Build.0 = Debug|Any CPU
		{CF337751-764B-4C3A-AEF2-1F27ADF269B8}.Release|Any CPU.ActiveCfg = Release|Any CPU
		{CF337751-764B-4C3A-AEF2-1F27ADF269B8}.Release|Any CPU.Build.0 = Release|Any CPU
		{EF7A2A18-03A9-4BDD-8203-483E3862A99B}.Debug|Any CPU.ActiveCfg = Debug|Any CPU
		{EF7A2A18-03A9-4BDD-8203-483E3862A99B}.Debug|Any CPU.Build.0 = Debug|Any CPU
		{EF7A2A18-03A9-4BDD-8203-483E3862A99B}.Release|Any CPU.ActiveCfg = Release|Any CPU
		{EF7A2A18-03A9-4BDD-8203-483E3862A99B}.Release|Any CPU.Build.0 = Release|Any CPU
	EndGlobalSection
	GlobalSection(SolutionProperties) = preSolution
		HideSolutionNode = FALSE
	EndGlobalSection
	GlobalSection(ExtensibilityGlobals) = postSolution
		SolutionGuid = {3C1A1184-F2A4-4D8B-BF0E-B9DBB4B02842}
	EndGlobalSection
EndGlobal
